
Microsoft Visual Studio Solution File, Format Version 12.00
# Visual Studio Version 17
VisualStudioVersion = 17.7.34031.279
MinimumVisualStudioVersion = 10.0.40219.1
Project("{FAE04EC0-301F-11D3-BF4B-00C04F79EFBC}") = "CopypastaManager", "CopypastaManager.csproj", "{28EF7926-4E4E-44AD-93C5-0E6A072E7D9F}"
EndProject
Global
	GlobalSection(SolutionConfigurationPlatforms) = preSolution
		Debug|Any CPU = Debug|Any CPU
		Release|Any CPU = Release|Any CPU
	EndGlobalSection
	GlobalSection(ProjectConfigurationPlatforms) = postSolution
		{28EF7926-4E4E-44AD-93C5-0E6A072E7D9F}.Debug|Any CPU.ActiveCfg = Debug|Any CPU
		{28EF7926-4E4E-44AD-93C5-0E6A072E7D9F}.Debug|Any CPU.Build.0 = Debug|Any CPU
		{28EF7926-4E4E-44AD-93C5-0E6A072E7D9F}.Release|Any CPU.ActiveCfg = Release|Any CPU
		{28EF7926-4E4E-44AD-93C5-0E6A072E7D9F}.Release|Any CPU.Build.0 = Release|Any CPU
	EndGlobalSection
	GlobalSection(SolutionProperties) = preSolution
		HideSolutionNode = FALSE
	EndGlobalSection
	GlobalSection(ExtensibilityGlobals) = postSolution
		SolutionGuid = {FAC519C0-1F88-4840-93E9-BDCEBDC1FC43}
	EndGlobalSection
EndGlobal
